
Microsoft Visual Studio Solution File, Format Version 12.00
# Visual Studio 15
VisualStudioVersion = 15.0.28307.271
MinimumVisualStudioVersion = 10.0.40219.1
Project("{FAE04EC0-301F-11D3-BF4B-00C04F79EFBC}") = "Memberships", "Memberships\Memberships.csproj", "{7570055D-D9BE-4881-86B6-CB792FD466DF}"
EndProject
Global
	GlobalSection(SolutionConfigurationPlatforms) = preSolution
		Debug|Any CPU = Debug|Any CPU
		Release|Any CPU = Release|Any CPU
	EndGlobalSection
	GlobalSection(ProjectConfigurationPlatforms) = postSolution
		{7570055D-D9BE-4881-86B6-CB792FD466DF}.Debug|Any CPU.ActiveCfg = Debug|Any CPU
		{7570055D-D9BE-4881-86B6-CB792FD466DF}.Debug|Any CPU.Build.0 = Debug|Any CPU
		{7570055D-D9BE-4881-86B6-CB792FD466DF}.Release|Any CPU.ActiveCfg = Release|Any CPU
		{7570055D-D9BE-4881-86B6-CB792FD466DF}.Release|Any CPU.Build.0 = Release|Any CPU
	EndGlobalSection
	GlobalSection(SolutionProperties) = preSolution
		HideSolutionNode = FALSE
	EndGlobalSection
	GlobalSection(ExtensibilityGlobals) = postSolution
		SolutionGuid = {EA81ED07-0641-43BD-8DB9-8A2386C0C209}
	EndGlobalSection
EndGlobal
